
Microsoft Visual Studio Solution File, Format Version 12.00
# Visual Studio 15
VisualStudioVersion = 15.0.27428.2037
MinimumVisualStudioVersion = 10.0.40219.1
Project("{FAE04EC0-301F-11D3-BF4B-00C04F79EFBC}") = "Main Project", "Main Project\Main Project.csproj", "{80FF6DAB-D5AB-4449-955A-DCC38D3669DE}"
EndProject
Global
	GlobalSection(SolutionConfigurationPlatforms) = preSolution
		Debug|Any CPU = Debug|Any CPU
		Release|Any CPU = Release|Any CPU
	EndGlobalSection
	GlobalSection(ProjectConfigurationPlatforms) = postSolution
		{80FF6DAB-D5AB-4449-955A-DCC38D3669DE}.Debug|Any CPU.ActiveCfg = Debug|Any CPU
		{80FF6DAB-D5AB-4449-955A-DCC38D3669DE}.Debug|Any CPU.Build.0 = Debug|Any CPU
		{80FF6DAB-D5AB-4449-955A-DCC38D3669DE}.Release|Any CPU.ActiveCfg = Release|Any CPU
		{80FF6DAB-D5AB-4449-955A-DCC38D3669DE}.Release|Any CPU.Build.0 = Release|Any CPU
	EndGlobalSection
	GlobalSection(SolutionProperties) = preSolution
		HideSolutionNode = FALSE
	EndGlobalSection
	GlobalSection(ExtensibilityGlobals) = postSolution
		SolutionGuid = {17D7FDA3-071C-4808-92A4-7CA0DB1965CA}
	EndGlobalSection
EndGlobal
